
Microsoft Visual Studio Solution File, Format Version 12.00
# Visual Studio Version 17
VisualStudioVersion = 17.6.33815.320
MinimumVisualStudioVersion = 10.0.40219.1
Project("{FAE04EC0-301F-11D3-BF4B-00C04F79EFBC}") = "WeatherForecastMVC", "WeatherForecastMVC\WeatherForecastMVC.csproj", "{EDE09EF2-65DC-4E00-9EE1-E5713FDBB48C}"
EndProject
Global
	GlobalSection(SolutionConfigurationPlatforms) = preSolution
		Debug|Any CPU = Debug|Any CPU
		Release|Any CPU = Release|Any CPU
	EndGlobalSection
	GlobalSection(ProjectConfigurationPlatforms) = postSolution
		{EDE09EF2-65DC-4E00-9EE1-E5713FDBB48C}.Debug|Any CPU.ActiveCfg = Debug|Any CPU
		{EDE09EF2-65DC-4E00-9EE1-E5713FDBB48C}.Debug|Any CPU.Build.0 = Debug|Any CPU
		{EDE09EF2-65DC-4E00-9EE1-E5713FDBB48C}.Release|Any CPU.ActiveCfg = Release|Any CPU
		{EDE09EF2-65DC-4E00-9EE1-E5713FDBB48C}.Release|Any CPU.Build.0 = Release|Any CPU
	EndGlobalSection
	GlobalSection(SolutionProperties) = preSolution
		HideSolutionNode = FALSE
	EndGlobalSection
	GlobalSection(ExtensibilityGlobals) = postSolution
		SolutionGuid = {0B8EA896-A159-4B23-8805-F0AF0326C4BE}
	EndGlobalSection
EndGlobal
